# This file is automatically @generated by Cargo.
# It is not intended for manual editing.
version = 4

[[package]]
name = "symphony"
version = "0.1.0"

[[package]]
name = "symphony-codex"
version = "0.1.0"

[[package]]
name = "symphony-core"
version = "0.1.0"

[[package]]
name = "symphony-runtime"
version = "0.1.0"

[[package]]
name = "symphony-server"
version = "0.1.0"

[[package]]
name = "symphony-store"
version = "0.1.0"

[[package]]
name = "symphony-trackers"
version = "0.1.0"

[[package]]
name = "xtask"
version = "0.1.0"
